PODS:
  - IQKeyboardManagerSwift (7.0.1)
  - Kingfisher (7.11.0)
  - RxCocoa (6.6.0):
    - RxRelay (= 6.6.0)
    - RxSwift (= 6.6.0)
  - RxRelay (6.6.0):
    - RxSwift (= 6.6.0)
  - RxSwift (6.6.0)
  - Siren (6.1.2)
  - Socket.IO-Client-Swift (16.1.0):
    - Starscream (~> 4.0.6)
  - SPPermissions (7.1.5):
    - SPPermissions/Core (= 7.1.5)
  - SPPermissions/Camera (7.1.5):
    - SPPermissions/Core
  - SPPermissions/Contacts (7.1.5):
    - SPPermissions/Core
  - SPPermissions/Core (7.1.5)
  - SPPermissions/Notification (7.1.5):
    - SPPermissions/Core
  - SPPermissions/PhotoLibrary (7.1.5):
    - SPPermissions/Core
  - Starscream (4.0.8)
  - TransitionButton (0.5.3)

DEPENDENCIES:
  - IQKeyboardManagerSwift
  - Kingfisher
  - RxCocoa
  - RxSwift
  - Siren
  - Socket.IO-Client-Swift
  - SPPermissions
  - SPPermissions/Camera
  - SPPermissions/Contacts
  - SPPermissions/Notification
  - SPPermissions/PhotoLibrary
  - TransitionButton

SPEC REPOS:
  trunk:
    - IQKeyboardManagerSwift
    - Kingfisher
    - RxCocoa
    - RxRelay
    - RxSwift
    - Siren
    - Socket.IO-Client-Swift
    - SPPermissions
    - Starscream
    - TransitionButton

SPEC CHECKSUMS:
  IQKeyboardManagerSwift: 7f6b1b1d1497855d2beea7f2f10ffcc6978525b1
  Kingfisher: b9c985d864d43515f404f1ef4a8ce7d802ace3ac
  RxCocoa: 44a80de90e25b739b5aeaae3c8c371a32e3343cc
  RxRelay: 45eaa5db8ee4fb50e5ebd57deec0159e97fa51e6
  RxSwift: a4b44f7d24599f674deebd1818eab82e58410632
  Siren: c951ae243b57160629fb2e4d2f630cbfc5d5452b
  Socket.IO-Client-Swift: ee4b8f80a3db18dd7f32b266ddf273310609443c
  SPPermissions: c63ac1132badad39917de03a3c9dc2429ace94be
  Starscream: 19b5533ddb925208db698f0ac508a100b884a1b9
  TransitionButton: 36283346e17c64775a1b3bc3a7a72940a367de1f

PODFILE CHECKSUM: 2550f0caa42a0395ca443d0c222435b11db508f7

COCOAPODS: 1.15.1
